# Pinned third-party binaries bundled with InfraKit Studio.
# Format:  <tool>  <goos>  <goarch>  <sha256>  <url>
# Only MIT / BSD / ISC / Apache-2.0 / MPL-2.0 licensed binaries — see vendor-tools/TOOLS.md.
# fetch-tools.{sh,ps1} downloads each to bin/<tool>-<goos>-<goarch> and verifies the sha256.
# build-sidecar then copies bin/<tool>-<goos>-<goarch> next to the backend as <tool>-<triple>.

iperf3	linux	amd64	201cbaed73d4e4da72c44c9aee895a2d58c75f1d1a4d721137f4888f6b7f5016	https://github.com/userdocs/iperf3-static/releases/download/3.21/iperf3-amd64
iperf3	linux	arm64	2ce83dceb64fe08cea59926647f7ca20a7cb7baa8320e9648823d9b7de562c8e	https://github.com/userdocs/iperf3-static/releases/download/3.21/iperf3-arm64v8
iperf3	darwin	amd64	9168916504291356a0779b401052db14c7f4fd93fa657154ea8e60e80cbaf279	https://github.com/userdocs/iperf3-static/releases/download/3.21/iperf3-amd64-osx-15
iperf3	darwin	arm64	54d84769642d0474cf10840cff619631fefcdbad4f945763f3aa9858d42d2aaf	https://github.com/userdocs/iperf3-static/releases/download/3.21/iperf3-arm64-osx-15
